// !$*UTF8*$!
{
	archiveVersion = 1;
	classes = {
	};
	objectVersion = 46;
	objects = {

/* Begin PBXBuildFile section */
		3681EAC01F456D4A004C62C4 /* AppDelegate.swift in Sources */ = {isa = PBXBuildFile; fileRef = 3681EABF1F456D4A004C62C4 /* AppDelegate.swift */; };
		3681EAC21F456D4A004C62C4 /* ViewController.swift in Sources */ = {isa = PBXBuildFile; fileRef = 3681EAC11F456D4A004C62C4 /* ViewController.swift */; };
		3681EAC51F456D4A004C62C4 /* Main.storyboard in Resources */ = {isa = PBXBuildFile; fileRef = 3681EAC31F456D4A004C62C4 /* Main.storyboard */; };
		3681EAC71F456D4A004C62C4 /* Assets.xcassets in Resources */ = {isa = PBXBuildFile; fileRef = 3681EAC61F456D4A004C62C4 /* Assets.xcassets */; };
		3681EACA1F456D4A004C62C4 /* LaunchScreen.storyboard in Resources */ = {isa = PBXBuildFile; fileRef = 3681EAC81F456D4A004C62C4 /* LaunchScreen.storyboard */; };
/* End PBXBuildFile section */

/* Begin PBXFileReference section */
		3681EABC1F456D4A004C62C4 /* AdvancedTableViews.app */ = {isa = PBXFileReference; explicitFileType = wrapper.application; includeInIndex = 0; path = AdvancedTableViews.app; sourceTree = BUILT_PRODUCTS_DIR; };
		3681EABF1F456D4A004C62C4 /* AppDelegate.swift */ = {isa = PBXFileReference; lastKnownFileType = sourcecode.swift; path = AppDelegate.swift; sourceTree = "<group>"; };
		3681EAC11F456D4A004C62C4 /* ViewController.swift */ = {isa = PBXFileReference; lastKnownFileType = sourcecode.swift; path = ViewController.swift; sourceTree = "<group>"; };
		3681EAC41F456D4A004C62C4 /* Base */ = {isa = PBXFileReference; lastKnownFileType = file.storyboard; name = Base; path = Base.lproj/Main.storyboard; sourceTree = "<group>"; };
		3681EAC61F456D4A004C62C4 /* Assets.xcassets */ = {isa = PBXFileReference; lastKnownFileType = folder.assetcatalog; path = Assets.xcassets; sourceTree = "<group>"; };
		3681EAC91F456D4A004C62C4 /* Base */ = {isa = PBXFileReference; lastKnownFileType = file.storyboard; name = Base; path = Base.lproj/LaunchScreen.storyboard; sourceTree = "<group>"; };
		3681EACB1F456D4A004C62C4 /* Info.plist */ = {isa = PBXFileReference; lastKnownFileType = text.plist.xml; path = Info.plist; sourceTree = "<group>"; };
/* End PBXFileReference section */

/* Begin PBXFrameworksBuildPhase section */
		3681EAB91F456D4A004C62C4 /* Frameworks */ = {
			isa = PBXFrameworksBuildPhase;
			buildActionMask = 2147483647;
			files = (
			);
			runOnlyForDeploymentPostprocessing = 0;
		};
/* End PBXFrameworksBuildPhase section */

/* Begin PBXGroup section */
		3681EAB31F456D4A004C62C4 = {
			isa = PBXGroup;
			children = (
				3681EABE1F456D4A004C62C4 /* AdvancedTableViews */,
				3681EABD1F456D4A004C62C4 /* Products */,
			);
			sourceTree = "<group>";
		};
		3681EABD1F456D4A004C62C4 /* Products */ = {
			isa = PBXGroup;
			children = (
				3681EABC1F456D4A004C62C4 /* AdvancedTableViews.app */,
			);
			name = Products;
			sourceTree = "<group>";
		};
		3681EABE1F456D4A004C62C4 /* AdvancedTableViews */ = {
			isa = PBXGroup;
			children = (
				3681EABF1F456D4A004C62C4 /* AppDelegate.swift */,
				3681EAC11F456D4A004C62C4 /* ViewController.swift */,
				3681EAC31F456D4A004C62C4 /* Main.storyboard */,
				3681EAC61F456D4A004C62C4 /* Assets.xcassets */,
				3681EAC81F456D4A004C62C4 /* LaunchScreen.storyboard */,
				3681EACB1F456D4A004C62C4 /* Info.plist */,
			);
			path = AdvancedTableViews;
			sourceTree = "<group>";
		};
/* End PBXGroup section */

/* Begin PBXNativeTarget section */
		3681EABB1F456D4A004C62C4 /* AdvancedTableViews */ = {
			isa = PBXNativeTarget;
			buildConfigurationList = 3681EACE1F456D4A004C62C4 /* Build configuration list for PBXNativeTarget "AdvancedTableViews" */;
			buildPhases = (
				3681EAB81F456D4A004C62C4 /* Sources */,
				3681EAB91F456D4A004C62C4 /* Frameworks */,
				3681EABA1F456D4A004C62C4 /* Resources */,
			);
			buildRules = (
			);
			dependencies = (
			);
			name = AdvancedTableViews;
			productName = AdvancedTableViews;
			productReference = 3681EABC1F456D4A004C62C4 /* AdvancedTableViews.app */;
			productType = "com.apple.product-type.application";
		};
/* End PBXNativeTarget section */

/* Begin PBXProject section */
		3681EAB41F456D4A004C62C4 /* Project object */ = {
			isa = PBXProject;
			attributes = {
				LastSwiftUpdateCheck = 0830;
				LastUpgradeCheck = 0830;
				ORGANIZATIONNAME = iTomerBu;
				TargetAttributes = {
					3681EABB1F456D4A004C62C4 = {
						CreatedOnToolsVersion = 8.3.3;
						ProvisioningStyle = Automatic;
					};
				};
			};
			buildConfigurationList = 3681EAB71F456D4A004C62C4 /* Build configuration list for PBXProject "AdvancedTableViews" */;
			compatibilityVersion = "Xcode 3.2";
			developmentRegion = English;
			hasScannedForEncodings = 0;
			knownRegions = (
				en,
				Base,
			);
			mainGroup = 3681EAB31F456D4A004C62C4;
			productRefGroup = 3681EABD1F456D4A004C62C4 /* Products */;
			projectDirPath = "";
			projectRoot = "";
			targets = (
				3681EABB1F456D4A004C62C4 /* AdvancedTableViews */,
			);
		};
/* End PBXProject section */

/* Begin PBXResourcesBuildPhase section */
		3681EABA1F456D4A004C62C4 /* Resources */ = {
			isa = PBXResourcesBuildPhase;
			buildActionMask = 2147483647;
			files = (
				3681EACA1F456D4A004C62C4 /* LaunchScreen.storyboard in Resources */,
				3681EAC71F456D4A004C62C4 /* Assets.xcassets in Resources */,
				3681EAC51F456D4A004C62C4 /* Main.storyboard in Resources */,
			);
			runOnlyForDeploymentPostprocessing = 0;
		};
/* End PBXResourcesBuildPhase section */

/* Begin PBXSourcesBuildPhase section */
		3681EAB81F456D4A004C62C4 /* Sources */ = {
			isa = PBXSourcesBuildPhase;
			buildActionMask = 2147483647;
			files = (
				3681EAC21F456D4A004C62C4 /* ViewController.swift in Sources */,
				3681EAC01F456D4A004C62C4 /* AppDelegate.swift in Sources */,
			);
			runOnlyForDeploymentPostprocessing = 0;
		};
/* End PBXSourcesBuildPhase section */

/* Begin PBXVariantGroup section */
		3681EAC31F456D4A004C62C4 /* Main.storyboard */ = {
			isa = PBXVariantGroup;
			children = (
				3681EAC41F456D4A004C62C4 /* Base */,
			);
			name = Main.storyboard;
			sourceTree = "<group>";
		};
		3681EAC81F456D4A004C62C4 /* LaunchScreen.storyboard */ = {
			isa = PBXVariantGroup;
			children = (
				3681EAC91F456D4A004C62C4 /* Base */,
			);
			name = LaunchScreen.storyboard;
			sourceTree = "<group>";
		};
/* End PBXVariantGroup section */

/* Begin XCBuildConfiguration section */
		3681EACC1F456D4A004C62C4 /* Debug */ = {
			isa = XCBuildConfiguration;
			buildSettings = {
				ALWAYS_SEARCH_USER_PATHS = NO;
				CLANG_ANALYZER_NONNULL = YES;
				CLANG_ANALYZER_NUMBER_OBJECT_CONVERSION = YES_AGGRESSIVE;
				CLANG_CXX_LANGUAGE_STANDARD = "gnu++0x";
				CLANG_CXX_LIBRARY = "libc++";
				CLANG_ENABLE_MODULES = YES;
				CLANG_ENABLE_OBJC_ARC = YES;
				CLANG_WARN_BOOL_CONVERSION = YES;
				CLANG_WARN_CONSTANT_CONVERSION = YES;
				CLANG_WARN_DIRECT_OBJC_ISA_USAGE = YES_ERROR;
				CLANG_WARN_DOCUMENTATION_COMMENTS = YES;
				CLANG_WARN_EMPTY_BODY = YES;
				CLANG_WARN_ENUM_CONVERSION = YES;
				CLANG_WARN_INFINITE_RECURSION = YES;
				CLANG_WARN_INT_CONVERSION = YES;
				CLANG_WARN_OBJC_ROOT_CLASS = YES_ERROR;
				CLANG_WARN_SUSPICIOUS_MOVE = YES;
				CLANG_WARN_UNREACHABLE_CODE = YES;
				CLANG_WARN__DUPLICATE_METHOD_MATCH = YES;
				"CODE_SIGN_IDENTITY[sdk=iphoneos*]" = "iPhone Developer";
				COPY_PHASE_STRIP = NO;
				DEBUG_INFORMATION_FORMAT = dwarf;
				ENABLE_STRICT_OBJC_MSGSEND = YES;
				ENABLE_TESTABILITY = YES;
				GCC_C_LANGUAGE_STANDARD = gnu99;
				GCC_DYNAMIC_NO_PIC = NO;
				GCC_NO_COMMON_BLOCKS = YES;
				GCC_OPTIMIZATION_LEVEL = 0;
				GCC_PREPROCESSOR_DEFINITIONS = (
					"DEBUG=1",
					"$(inherited)",
				);
				GCC_WARN_64_TO_32_BIT_CONVERSION = YES;
				GCC_WARN_ABOUT_RETURN_TYPE = YES_ERROR;
				GCC_WARN_UNDECLARED_SELECTOR = YES;
				GCC_WARN_UNINITIALIZED_AUTOS = YES_AGGRESSIVE;
				GCC_WARN_UNUSED_FUNCTION = YES;
				GCC_WARN_UNUSED_VARIABLE = YES;
				IPHONEOS_DEPLOYMENT_TARGET = 10.3;
				MTL_ENABLE_DEBUG_INFO = YES;
				ONLY_ACTIVE_ARCH = YES;
				SDKROOT = iphoneos;
				SWIFT_ACTIVE_COMPILATION_CONDITIONS = DEBUG;
				SWIFT_OPTIMIZATION_LEVEL = "-Onone";
				TARGETED_DEVICE_FAMILY = "1,2";
			};
			name = Debug;
		};
		3681EACD1F456D4A004C62C4 /* Release */ = {
			isa = XCBuildConfiguration;
			buildSettings = {
				ALWAYS_SEARCH_USER_PATHS = NO;
				CLANG_ANALYZER_NONNULL = YES;
				CLANG_ANALYZER_NUMBER_OBJECT_CONVERSION = YES_AGGRESSIVE;
				CLANG_CXX_LANGUAGE_STANDARD = "gnu++0x";
				CLANG_CXX_LIBRARY = "libc++";
				CLANG_ENABLE_MODULES = YES;
				CLANG_ENABLE_OBJC_ARC = YES;
				CLANG_WARN_BOOL_CONVERSION = YES;
				CLANG_WARN_CONSTANT_CONVERSION = YES;
				CLANG_WARN_DIRECT_OBJC_ISA_USAGE = YES_ERROR;
				CLANG_WARN_DOCUMENTATION_COMMENTS = YES;
				CLANG_WARN_EMPTY_BODY = YES;
				CLANG_WARN_ENUM_CONVERSION = YES;
				CLANG_WARN_INFINITE_RECURSION = YES;
				CLANG_WARN_INT_CONVERSION = YES;
				CLANG_WARN_OBJC_ROOT_CLASS = YES_ERROR;
				CLANG_WARN_SUSPICIOUS_MOVE = YES;
				CLANG_WARN_UNREACHABLE_CODE = YES;
				CLANG_WARN__DUPLICATE_METHOD_MATCH = YES;
				"CODE_SIGN_IDENTITY[sdk=iphoneos*]" = "iPhone Developer";
				COPY_PHASE_STRIP = NO;
				DEBUG_INFORMATION_FORMAT = "dwarf-with-dsym";
				ENABLE_NS_ASSERTIONS = NO;
				ENABLE_STRICT_OBJC_MSGSEND = YES;
				GCC_C_LANGUAGE_STANDARD = gnu99;
				GCC_NO_COMMON_BLOCKS = YES;
				GCC_WARN_64_TO_32_BIT_CONVERSION = YES;
				GCC_WARN_ABOUT_RETURN_TYPE = YES_ERROR;
				GCC_WARN_UNDECLARED_SELECTOR = YES;
				GCC_WARN_UNINITIALIZED_AUTOS = YES_AGGRESSIVE;
				GCC_WARN_UNUSED_FUNCTION = YES;
				GCC_WARN_UNUSED_VARIABLE = YES;
				IPHONEOS_DEPLOYMENT_TARGET = 10.3;
				MTL_ENABLE_DEBUG_INFO = NO;
				SDKROOT = iphoneos;
				SWIFT_OPTIMIZATION_LEVEL = "-Owholemodule";
				TARGETED_DEVICE_FAMILY = "1,2";
				VALIDATE_PRODUCT = YES;
			};
			name = Release;
		};
		3681EACF1F456D4A004C62C4 /* Debug */ = {
			isa = XCBuildConfiguration;
			buildSettings = {
				ASSETCATALOG_COMPILER_APPICON_NAME = AppIcon;
				INFOPLIST_FILE = AdvancedTableViews/Info.plist;
				LD_RUNPATH_SEARCH_PATHS = "$(inherited) @executable_path/Frameworks";
				PRODUCT_BUNDLE_IDENTIFIER = iTomerBu.AdvancedTableViews;
				PRODUCT_NAME = "$(TARGET_NAME)";
				SWIFT_VERSION = 3.0;
			};
			name = Debug;
		};
		3681EAD01F456D4A004C62C4 /* Release */ = {
			isa = XCBuildConfiguration;
			buildSettings = {
				ASSETCATALOG_COMPILER_APPICON_NAME = AppIcon;
				INFOPLIST_FILE = AdvancedTableViews/Info.plist;
				LD_RUNPATH_SEARCH_PATHS = "$(inherited) @executable_path/Frameworks";
				PRODUCT_BUNDLE_IDENTIFIER = iTomerBu.AdvancedTableViews;
				PRODUCT_NAME = "$(TARGET_NAME)";
				SWIFT_VERSION = 3.0;
			};
			name = Release;
		};
/* End XCBuildConfiguration section */

/* Begin XCConfigurationList section */
		3681EAB71F456D4A004C62C4 /* Build configuration list for PBXProject "AdvancedTableViews" */ = {
			isa = XCConfigurationList;
			buildConfigurations = (
				3681EACC1F456D4A004C62C4 /* Debug */,
				3681EACD1F456D4A004C62C4 /* Release */,
			);
			defaultConfigurationIsVisible = 0;
			defaultConfigurationName = Release;
		};
		3681EACE1F456D4A004C62C4 /* Build configuration list for PBXNativeTarget "AdvancedTableViews" */ = {
			isa = XCConfigurationList;
			buildConfigurations = (
				3681EACF1F456D4A004C62C4 /* Debug */,
				3681EAD01F456D4A004C62C4 /* Release */,
			);
			defaultConfigurationIsVisible = 0;
		};
/* End XCConfigurationList section */
	};
	rootObject = 3681EAB41F456D4A004C62C4 /* Project object */;
}
